
Microsoft Visual Studio Solution File, Format Version 12.00
# Visual Studio 15
VisualStudioVersion = 15.0.28010.2026
MinimumVisualStudioVersion = 10.0.40219.1
Project("{9A19103F-16F7-4668-BE54-9A1E7A4F7556}") = "DealersAndVehicles", "DealersAndVehicles\DealersAndVehicles.csproj", "{91B69B71-7DAE-4F54-A5D2-81279974EAE4}"
EndProject
Global
	GlobalSection(SolutionConfigurationPlatforms) = preSolution
		Debug|Any CPU = Debug|Any CPU
		Release|Any CPU = Release|Any CPU
	EndGlobalSection
	GlobalSection(ProjectConfigurationPlatforms) = postSolution
		{91B69B71-7DAE-4F54-A5D2-81279974EAE4}.Debug|Any CPU.ActiveCfg = Debug|Any CPU
		{91B69B71-7DAE-4F54-A5D2-81279974EAE4}.Debug|Any CPU.Build.0 = Debug|Any CPU
		{91B69B71-7DAE-4F54-A5D2-81279974EAE4}.Release|Any CPU.ActiveCfg = Release|Any CPU
		{91B69B71-7DAE-4F54-A5D2-81279974EAE4}.Release|Any CPU.Build.0 = Release|Any CPU
	EndGlobalSection
	GlobalSection(SolutionProperties) = preSolution
		HideSolutionNode = FALSE
	EndGlobalSection
	GlobalSection(ExtensibilityGlobals) = postSolution
		SolutionGuid = {C485422E-FDAE-4166-9738-4F513E5ABB43}
	EndGlobalSection
EndGlobal
